{
  "name": "edge-parser",
  "version": "1.0.2",
  "lockfileVersion": 1,
  "requires": true,
  "dependencies": {
    "acorn": {
      "version": "5.7.1",
      "resolved": "https://registry.npmjs.org/acorn/-/acorn-5.7.1.tgz",
      "integrity": "sha512-d+nbxBUGKg7Arpsvbnlq61mc12ek3EY8EQldM3GPAhWJ1UVxC6TDGbIvUMNU6obBX3i1+ptCIzV4vq0gFPEGVQ=="
    },
    "astring": {
      "version": "1.3.1",
      "resolved": "https://registry.npmjs.org/astring/-/astring-1.3.1.tgz",
      "integrity": "sha512-kMDFc68yAKWQVBC5PhWsnvKtNaQew1XTuYLFjcZFfGys3yl9A+vOcgo3w1VMr8XgK0aYfClg4g0ifDF5lftJNg=="
    },
    "dedent": {
      "version": "0.7.0",
      "resolved": "https://registry.npmjs.org/dedent/-/dedent-0.7.0.tgz",
      "integrity": "sha1-JJXduvbrh0q7Dhvp3yLS5aVEMmw=",
      "dev": true
    },
    "edge-lexer": {
      "version": "1.0.2",
      "resolved": "https://registry.npmjs.org/edge-lexer/-/edge-lexer-1.0.2.tgz",
      "integrity": "sha512-l6zFQlEGLUgfbJlretfTF30n81Ls1GcjohL/N191fvGDzdDJX4D3x0TFcj4k9tmVnRMgu4sSdZcfBfAIqf0Feg==",
      "requires": {
        "is-whitespace-character": "^1.0.2"
      }
    },
    "is-whitespace-character": {
      "version": "1.0.2",
      "resolved": "https://registry.npmjs.org/is-whitespace-character/-/is-whitespace-character-1.0.2.tgz",
      "integrity": "sha512-SzM+T5GKUCtLhlHFKt2SDAX2RFzfS6joT91F2/WSi9LxgFdsnhfPK/UIA+JhRR2xuyLdrCys2PiFDrtn1fU5hQ=="
    },
    "node-exceptions": {
      "version": "3.0.0",
      "resolved": "https://registry.npmjs.org/node-exceptions/-/node-exceptions-3.0.0.tgz",
      "integrity": "sha512-pFhMAqdN1avrFwtZs66HxYiVnbnH9wjXB4m8IKs5Z9+r7U5voqxT+EDbVkRfge+V7JnkOgKhN4HfKBn1o5g9Wg=="
    }
  }
}
